
Microsoft Visual Studio Solution File, Format Version 12.00
# Visual Studio Version 17
VisualStudioVersion = 17.5.33530.505
MinimumVisualStudioVersion = 10.0.40219.1
Project("{9A19103F-16F7-4668-BE54-9A1E7A4F7556}") = "BethanysPieShop", "BethanysPieShop\BethanysPieShop.csproj", "{8F1D6728-B1C3-4A24-B592-9FFFE094DB58}"
EndProject
Project("{FAE04EC0-301F-11D3-BF4B-00C04F79EFBC}") = "BethanysPieShopTests", "BethanysPieShopTests\BethanysPieShopTests.csproj", "{CC4C39A6-9670-42AA-BE62-0B72A8135CA4}"
EndProject
Global
	GlobalSection(SolutionConfigurationPlatforms) = preSolution
		Debug|Any CPU = Debug|Any CPU
		Release|Any CPU = Release|Any CPU
	EndGlobalSection
	GlobalSection(ProjectConfigurationPlatforms) = postSolution
		{8F1D6728-B1C3-4A24-B592-9FFFE094DB58}.Debug|Any CPU.ActiveCfg = Debug|Any CPU
		{8F1D6728-B1C3-4A24-B592-9FFFE094DB58}.Debug|Any CPU.Build.0 = Debug|Any CPU
		{8F1D6728-B1C3-4A24-B592-9FFFE094DB58}.Release|Any CPU.ActiveCfg = Release|Any CPU
		{8F1D6728-B1C3-4A24-B592-9FFFE094DB58}.Release|Any CPU.Build.0 = Release|Any CPU
		{CC4C39A6-9670-42AA-BE62-0B72A8135CA4}.Debug|Any CPU.ActiveCfg = Debug|Any CPU
		{CC4C39A6-9670-42AA-BE62-0B72A8135CA4}.Debug|Any CPU.Build.0 = Debug|Any CPU
		{CC4C39A6-9670-42AA-BE62-0B72A8135CA4}.Release|Any CPU.ActiveCfg = Release|Any CPU
		{CC4C39A6-9670-42AA-BE62-0B72A8135CA4}.Release|Any CPU.Build.0 = Release|Any CPU
	EndGlobalSection
	GlobalSection(SolutionProperties) = preSolution
		HideSolutionNode = FALSE
	EndGlobalSection
	GlobalSection(ExtensibilityGlobals) = postSolution
		SolutionGuid = {D10C09F6-531C-4BE7-9C1E-3038F8758A6D}
	EndGlobalSection
EndGlobal
